// !$*UTF8*$!
{
	archiveVersion = 1;
	classes = {
	};
	objectVersion = 77;
	objects = {

/* Begin PBXBuildFile section */
		3110AF4D2E786CD100DE2397 /* README.md in Resources */ = {isa = PBXBuildFile; fileRef = 3110AF4C2E786CCD00DE2397 /* README.md */; };
/* End PBXBuildFile section */

/* Begin PBXContainerItemProxy section */
		319C2D8F2E606D1900864DF2 /* PBXContainerItemProxy */ = {
			isa = PBXContainerItemProxy;
			containerPortal = 319C2D782E606D1800864DF2 /* Project object */;
			proxyType = 1;
			remoteGlobalIDString = 319C2D7F2E606D1800864DF2;
			remoteInfo = Statistic;
		};
		319C2D992E606D1900864DF2 /* PBXContainerItemProxy */ = {
			isa = PBXContainerItemProxy;
			containerPortal = 319C2D782E606D1800864DF2 /* Project object */;
			proxyType = 1;
			remoteGlobalIDString = 319C2D7F2E606D1800864DF2;
			remoteInfo = Statistic;
		};
/* End PBXContainerItemProxy section */

/* Begin PBXFileReference section */
		3110AF4C2E786CCD00DE2397 /* README.md */ = {isa = PBXFileReference; lastKnownFileType = net.daringfireball.markdown; path = README.md; sourceTree = "<group>"; };
		319C2D802E606D1800864DF2 /* Statistic.app */ = {isa = PBXFileReference; explicitFileType = wrapper.application; includeInIndex = 0; path = Statistic.app; sourceTree = BUILT_PRODUCTS_DIR; };
		319C2D8E2E606D1900864DF2 /* StatisticTests.xctest */ = {isa = PBXFileReference; explicitFileType = wrapper.cfbundle; includeInIndex = 0; path = StatisticTests.xctest; sourceTree = BUILT_PRODUCTS_DIR; };
		319C2D982E606D1900864DF2 /* StatisticUITests.xctest */ = {isa = PBXFileReference; explicitFileType = wrapper.cfbundle; includeInIndex = 0; path = StatisticUITests.xctest; sourceTree = BUILT_PRODUCTS_DIR; };
/* End PBXFileReference section */

/* Begin PBXFileSystemSynchronizedBuildFileExceptionSet section */
		319297D42E688BF00097ACBC /* Exceptions for "Statistic" folder in "Statistic" target */ = {
			isa = PBXFileSystemSynchronizedBuildFileExceptionSet;
			membershipExceptions = (
				Info.plist,
			);
			target = 319C2D7F2E606D1800864DF2 /* Statistic */;
		};
/* End PBXFileSystemSynchronizedBuildFileExceptionSet section */

/* Begin PBXFileSystemSynchronizedRootGroup section */
		319C2D822E606D1800864DF2 /* Statistic */ = {
			isa = PBXFileSystemSynchronizedRootGroup;
			exceptions = (
				319297D42E688BF00097ACBC /* Exceptions for "Statistic" folder in "Statistic" target */,
			);
			path = Statistic;
			sourceTree = "<group>";
		};
		319C2D912E606D1900864DF2 /* StatisticTests */ = {
			isa = PBXFileSystemSynchronizedRootGroup;
			path = StatisticTests;
			sourceTree = "<group>";
		};
		319C2D9B2E606D1900864DF2 /* StatisticUITests */ = {
			isa = PBXFileSystemSynchronizedRootGroup;
			path = StatisticUITests;
			sourceTree = "<group>";
		};
/* End PBXFileSystemSynchronizedRootGroup section */

/* Begin PBXFrameworksBuildPhase section */
		319C2D7D2E606D1800864DF2 /* Frameworks */ = {
			isa = PBXFrameworksBuildPhase;
			buildActionMask = 2147483647;
			files = (
			);
			runOnlyForDeploymentPostprocessing = 0;
		};
		319C2D8B2E606D1900864DF2 /* Frameworks */ = {
			isa = PBXFrameworksBuildPhase;
			buildActionMask = 2147483647;
			files = (
			);
			runOnlyForDeploymentPostprocessing = 0;
		};
		319C2D952E606D1900864DF2 /* Frameworks */ = {
			isa = PBXFrameworksBuildPhase;
			buildActionMask = 2147483647;
			files = (
			);
			runOnlyForDeploymentPostprocessing = 0;
		};
/* End PBXFrameworksBuildPhase section */

/* Begin PBXGroup section */
		319C2D772E606D1800864DF2 = {
			isa = PBXGroup;
			children = (
				319C2D822E606D1800864DF2 /* Statistic */,
				319C2D912E606D1900864DF2 /* StatisticTests */,
				319C2D9B2E606D1900864DF2 /* StatisticUITests */,
				319C2D812E606D1800864DF2 /* Products */,
				3110AF4C2E786CCD00DE2397 /* README.md */,
			);
			sourceTree = "<group>";
		};
		319C2D812E606D1800864DF2 /* Products */ = {
			isa = PBXGroup;
			children = (
				319C2D802E606D1800864DF2 /* Statistic.app */,
				319C2D8E2E606D1900864DF2 /* StatisticTests.xctest */,
				319C2D982E606D1900864DF2 /* StatisticUITests.xctest */,
			);
			name = Products;
			sourceTree = "<group>";
		};
/* End PBXGroup section */

/* Begin PBXNativeTarget section */
		319C2D7F2E606D1800864DF2 /* Statistic */ = {
			isa = PBXNativeTarget;
			buildConfigurationList = 319C2DA22E606D1900864DF2 /* Build configuration list for PBXNativeTarget "Statistic" */;
			buildPhases = (
				319C2D7C2E606D1800864DF2 /* Sources */,
				319C2D7D2E606D1800864DF2 /* Frameworks */,
				319C2D7E2E606D1800864DF2 /* Resources */,
			);
			buildRules = (
			);
			dependencies = (
			);
			fileSystemSynchronizedGroups = (
				319C2D822E606D1800864DF2 /* Statistic */,
			);
			name = Statistic;
			packageProductDependencies = (
			);
			productName = Statistic;
			productReference = 319C2D802E606D1800864DF2 /* Statistic.app */;
			productType = "com.apple.product-type.application";
		};
		319C2D8D2E606D1900864DF2 /* StatisticTests */ = {
			isa = PBXNativeTarget;
			buildConfigurationList = 319C2DA52E606D1900864DF2 /* Build configuration list for PBXNativeTarget "StatisticTests" */;
			buildPhases = (
				319C2D8A2E606D1900864DF2 /* Sources */,
				319C2D8B2E606D1900864DF2 /* Frameworks */,
				319C2D8C2E606D1900864DF2 /* Resources */,
			);
			buildRules = (
			);
			dependencies = (
				319C2D902E606D1900864DF2 /* PBXTargetDependency */,
			);
			fileSystemSynchronizedGroups = (
				319C2D912E606D1900864DF2 /* StatisticTests */,
			);
			name = StatisticTests;
			packageProductDependencies = (
			);
			productName = StatisticTests;
			productReference = 319C2D8E2E606D1900864DF2 /* StatisticTests.xctest */;
			productType = "com.apple.product-type.bundle.unit-test";
		};
		319C2D972E606D1900864DF2 /* StatisticUITests */ = {
			isa = PBXNativeTarget;
			buildConfigurationList = 319C2DA82E606D1900864DF2 /* Build configuration list for PBXNativeTarget "StatisticUITests" */;
			buildPhases = (
				319C2D942E606D1900864DF2 /* Sources */,
				319C2D952E606D1900864DF2 /* Frameworks */,
				319C2D962E606D1900864DF2 /* Resources */,
			);
			buildRules = (
			);
			dependencies = (
				319C2D9A2E606D1900864DF2 /* PBXTargetDependency */,
			);
			fileSystemSynchronizedGroups = (
				319C2D9B2E606D1900864DF2 /* StatisticUITests */,
			);
			name = StatisticUITests;
			packageProductDependencies = (
			);
			productName = StatisticUITests;
			productReference = 319C2D982E606D1900864DF2 /* StatisticUITests.xctest */;
			productType = "com.apple.product-type.bundle.ui-testing";
		};
/* End PBXNativeTarget section */

/* Begin PBXProject section */
		319C2D782E606D1800864DF2 /* Project object */ = {
			isa = PBXProject;
			attributes = {
				BuildIndependentTargetsInParallel = 1;
				LastSwiftUpdateCheck = 1640;
				LastUpgradeCheck = 1640;
				TargetAttributes = {
					319C2D7F2E606D1800864DF2 = {
						CreatedOnToolsVersion = 16.4;
					};
					319C2D8D2E606D1900864DF2 = {
						CreatedOnToolsVersion = 16.4;
						TestTargetID = 319C2D7F2E606D1800864DF2;
					};
					319C2D972E606D1900864DF2 = {
						CreatedOnToolsVersion = 16.4;
						TestTargetID = 319C2D7F2E606D1800864DF2;
					};
				};
			};
			buildConfigurationList = 319C2D7B2E606D1800864DF2 /* Build configuration list for PBXProject "Statistic" */;
			developmentRegion = en;
			hasScannedForEncodings = 0;
			knownRegions = (
				en,
				Base,
			);
			mainGroup = 319C2D772E606D1800864DF2;
			minimizedProjectReferenceProxies = 1;
			preferredProjectObjectVersion = 77;
			productRefGroup = 319C2D812E606D1800864DF2 /* Products */;
			projectDirPath = "";
			projectRoot = "";
			targets = (
				319C2D7F2E606D1800864DF2 /* Statistic */,
				319C2D8D2E606D1900864DF2 /* StatisticTests */,
				319C2D972E606D1900864DF2 /* StatisticUITests */,
			);
		};
/* End PBXProject section */

/* Begin PBXResourcesBuildPhase section */
		319C2D7E2E606D1800864DF2 /* Resources */ = {
			isa = PBXResourcesBuildPhase;
			buildActionMask = 2147483647;
			files = (
				3110AF4D2E786CD100DE2397 /* README.md in Resources */,
			);
			runOnlyForDeploymentPostprocessing = 0;
		};
		319C2D8C2E606D1900864DF2 /* Resources */ = {
			isa = PBXResourcesBuildPhase;
			buildActionMask = 2147483647;
			files = (
			);
			runOnlyForDeploymentPostprocessing = 0;
		};
		319C2D962E606D1900864DF2 /* Resources */ = {
			isa = PBXResourcesBuildPhase;
			buildActionMask = 2147483647;
			files = (
			);
			runOnlyForDeploymentPostprocessing = 0;
		};
/* End PBXResourcesBuildPhase section */

/* Begin PBXSourcesBuildPhase section */
		319C2D7C2E606D1800864DF2 /* Sources */ = {
			isa = PBXSourcesBuildPhase;
			buildActionMask = 2147483647;
			files = (
			);
			runOnlyForDeploymentPostprocessing = 0;
		};
		319C2D8A2E606D1900864DF2 /* Sources */ = {
			isa = PBXSourcesBuildPhase;
			buildActionMask = 2147483647;
			files = (
			);
			runOnlyForDeploymentPostprocessing = 0;
		};
		319C2D942E606D1900864DF2 /* Sources */ = {
			isa = PBXSourcesBuildPhase;
			buildActionMask = 2147483647;
			files = (
			);
			runOnlyForDeploymentPostprocessing = 0;
		};
/* End PBXSourcesBuildPhase section */

/* Begin PBXTargetDependency section */
		319C2D902E606D1900864DF2 /* PBXTargetDependency */ = {
			isa = PBXTargetDependency;
			target = 319C2D7F2E606D1800864DF2 /* Statistic */;
			targetProxy = 319C2D8F2E606D1900864DF2 /* PBXContainerItemProxy */;
		};
		319C2D9A2E606D1900864DF2 /* PBXTargetDependency */ = {
			isa = PBXTargetDependency;
			target = 319C2D7F2E606D1800864DF2 /* Statistic */;
			targetProxy = 319C2D992E606D1900864DF2 /* PBXContainerItemProxy */;
		};
/* End PBXTargetDependency section */

/* Begin XCBuildConfiguration section */
		319C2DA02E606D1900864DF2 /* Debug */ = {
			isa = XCBuildConfiguration;
			buildSettings = {
				ALWAYS_SEARCH_USER_PATHS = NO;
				ASSETCATALOG_COMPILER_GENERATE_SWIFT_ASSET_SYMBOL_EXTENSIONS = YES;
				CLANG_ANALYZER_NONNULL = YES;
				CLANG_ANALYZER_NUMBER_OBJECT_CONVERSION = YES_AGGRESSIVE;
				CLANG_CXX_LANGUAGE_STANDARD = "gnu++20";
				CLANG_ENABLE_MODULES = YES;
				CLANG_ENABLE_OBJC_ARC = YES;
				CLANG_ENABLE_OBJC_WEAK = YES;
				CLANG_WARN_BLOCK_CAPTURE_AUTORELEASING = YES;
				CLANG_WARN_BOOL_CONVERSION = YES;
				CLANG_WARN_COMMA = YES;
				CLANG_WARN_CONSTANT_CONVERSION = YES;
				CLANG_WARN_DEPRECATED_OBJC_IMPLEMENTATIONS = YES;
				CLANG_WARN_DIRECT_OBJC_ISA_USAGE = YES_ERROR;
				CLANG_WARN_DOCUMENTATION_COMMENTS = YES;
				CLANG_WARN_EMPTY_BODY = YES;
				CLANG_WARN_ENUM_CONVERSION = YES;
				CLANG_WARN_INFINITE_RECURSION = YES;
				CLANG_WARN_INT_CONVERSION = YES;
				CLANG_WARN_NON_LITERAL_NULL_CONVERSION = YES;
				CLANG_WARN_OBJC_IMPLICIT_RETAIN_SELF = YES;
				CLANG_WARN_OBJC_LITERAL_CONVERSION = YES;
				CLANG_WARN_OBJC_ROOT_CLASS = YES_ERROR;
				CLANG_WARN_QUOTED_INCLUDE_IN_FRAMEWORK_HEADER = YES;
				CLANG_WARN_RANGE_LOOP_ANALYSIS = YES;
				CLANG_WARN_STRICT_PROTOTYPES = YES;
				CLANG_WARN_SUSPICIOUS_MOVE = YES;
				CLANG_WARN_UNGUARDED_AVAILABILITY = YES_AGGRESSIVE;
				CLANG_WARN_UNREACHABLE_CODE = YES;
				CLANG_WARN__DUPLICATE_METHOD_MATCH = YES;
				COPY_PHASE_STRIP = NO;
				DEBUG_INFORMATION_FORMAT = dwarf;
				DEVELOPMENT_TEAM = 32XNCXFRAJ;
				ENABLE_STRICT_OBJC_MSGSEND = YES;
				ENABLE_TESTABILITY = YES;
				ENABLE_USER_SCRIPT_SANDBOXING = YES;
				GCC_C_LANGUAGE_STANDARD = gnu17;
				GCC_DYNAMIC_NO_PIC = NO;
				GCC_NO_COMMON_BLOCKS = YES;
				GCC_OPTIMIZATION_LEVEL = 0;
				GCC_PREPROCESSOR_DEFINITIONS = (
					"DEBUG=1",
					"$(inherited)",
				);
				GCC_WARN_64_TO_32_BIT_CONVERSION = YES;
				GCC_WARN_ABOUT_RETURN_TYPE = YES_ERROR;
				GCC_WARN_UNDECLARED_SELECTOR = YES;
				GCC_WARN_UNINITIALIZED_AUTOS = YES_AGGRESSIVE;
				GCC_WARN_UNUSED_FUNCTION = YES;
				GCC_WARN_UNUSED_VARIABLE = YES;
				LOCALIZATION_PREFERS_STRING_CATALOGS = YES;
				MACOSX_DEPLOYMENT_TARGET = 15.5;
				MTL_ENABLE_DEBUG_INFO = INCLUDE_SOURCE;
				MTL_FAST_MATH = YES;
				ONLY_ACTIVE_ARCH = YES;
				SDKROOT = macosx;
				SWIFT_ACTIVE_COMPILATION_CONDITIONS = "DEBUG $(inherited)";
				SWIFT_OPTIMIZATION_LEVEL = "-Onone";
			};
			name = Debug;
		};
		319C2DA12E606D1900864DF2 /* Release */ = {
			isa = XCBuildConfiguration;
			buildSettings = {
				ALWAYS_SEARCH_USER_PATHS = NO;
				ASSETCATALOG_COMPILER_GENERATE_SWIFT_ASSET_SYMBOL_EXTENSIONS = YES;
				CLANG_ANALYZER_NONNULL = YES;
				CLANG_ANALYZER_NUMBER_OBJECT_CONVERSION = YES_AGGRESSIVE;
				CLANG_CXX_LANGUAGE_STANDARD = "gnu++20";
				CLANG_ENABLE_MODULES = YES;
				CLANG_ENABLE_OBJC_ARC = YES;
				CLANG_ENABLE_OBJC_WEAK = YES;
				CLANG_WARN_BLOCK_CAPTURE_AUTORELEASING = YES;
				CLANG_WARN_BOOL_CONVERSION = YES;
				CLANG_WARN_COMMA = YES;
				CLANG_WARN_CONSTANT_CONVERSION = YES;
				CLANG_WARN_DEPRECATED_OBJC_IMPLEMENTATIONS = YES;
				CLANG_WARN_DIRECT_OBJC_ISA_USAGE = YES_ERROR;
				CLANG_WARN_DOCUMENTATION_COMMENTS = YES;
				CLANG_WARN_EMPTY_BODY = YES;
				CLANG_WARN_ENUM_CONVERSION = YES;
				CLANG_WARN_INFINITE_RECURSION = YES;
				CLANG_WARN_INT_CONVERSION = YES;
				CLANG_WARN_NON_LITERAL_NULL_CONVERSION = YES;
				CLANG_WARN_OBJC_IMPLICIT_RETAIN_SELF = YES;
				CLANG_WARN_OBJC_LITERAL_CONVERSION = YES;
				CLANG_WARN_OBJC_ROOT_CLASS = YES_ERROR;
				CLANG_WARN_QUOTED_INCLUDE_IN_FRAMEWORK_HEADER = YES;
				CLANG_WARN_RANGE_LOOP_ANALYSIS = YES;
				CLANG_WARN_STRICT_PROTOTYPES = YES;
				CLANG_WARN_SUSPICIOUS_MOVE = YES;
				CLANG_WARN_UNGUARDED_AVAILABILITY = YES_AGGRESSIVE;
				CLANG_WARN_UNREACHABLE_CODE = YES;
				CLANG_WARN__DUPLICATE_METHOD_MATCH = YES;
				COPY_PHASE_STRIP = NO;
				DEBUG_INFORMATION_FORMAT = "dwarf-with-dsym";
				DEVELOPMENT_TEAM = 32XNCXFRAJ;
				ENABLE_NS_ASSERTIONS = NO;
				ENABLE_STRICT_OBJC_MSGSEND = YES;
				ENABLE_USER_SCRIPT_SANDBOXING = YES;
				GCC_C_LANGUAGE_STANDARD = gnu17;
				GCC_NO_COMMON_BLOCKS = YES;
				GCC_WARN_64_TO_32_BIT_CONVERSION = YES;
				GCC_WARN_ABOUT_RETURN_TYPE = YES_ERROR;
				GCC_WARN_UNDECLARED_SELECTOR = YES;
				GCC_WARN_UNINITIALIZED_AUTOS = YES_AGGRESSIVE;
				GCC_WARN_UNUSED_FUNCTION = YES;
				GCC_WARN_UNUSED_VARIABLE = YES;
				LOCALIZATION_PREFERS_STRING_CATALOGS = YES;
				MACOSX_DEPLOYMENT_TARGET = 15.5;
				MTL_ENABLE_DEBUG_INFO = NO;
				MTL_FAST_MATH = YES;
				SDKROOT = macosx;
				SWIFT_COMPILATION_MODE = wholemodule;
			};
			name = Release;
		};
		319C2DA32E606D1900864DF2 /* Debug */ = {
			isa = XCBuildConfiguration;
			buildSettings = {
				ASSETCATALOG_COMPILER_APPICON_NAME = AppIcon;
				ASSETCATALOG_COMPILER_GLOBAL_ACCENT_COLOR_NAME = AccentColor;
				CODE_SIGN_ENTITLEMENTS = Statistic/Statistic.entitlements;
				CODE_SIGN_STYLE = Automatic;
				COMBINE_HIDPI_IMAGES = YES;
				CURRENT_PROJECT_VERSION = 1;
				DEVELOPMENT_TEAM = 32XNCXFRAJ;
				ENABLE_HARDENED_RUNTIME = YES;
				ENABLE_PREVIEWS = YES;
				GENERATE_INFOPLIST_FILE = YES;
				INFOPLIST_FILE = Statistic/Info.plist;
				INFOPLIST_KEY_NSHumanReadableCopyright = "";
				LD_RUNPATH_SEARCH_PATHS = (
					"$(inherited)",
					"@executable_path/../Frameworks",
				);
				MARKETING_VERSION = 1.0;
				PRODUCT_BUNDLE_IDENTIFIER = com.mahasvan.Statistic;
				PRODUCT_NAME = "$(TARGET_NAME)";
				REGISTER_APP_GROUPS = YES;
				SWIFT_EMIT_LOC_STRINGS = YES;
				SWIFT_VERSION = 5.0;
			};
			name = Debug;
		};
		319C2DA42E606D1900864DF2 /* Release */ = {
			isa = XCBuildConfiguration;
			buildSettings = {
				ASSETCATALOG_COMPILER_APPICON_NAME = AppIcon;
				ASSETCATALOG_COMPILER_GLOBAL_ACCENT_COLOR_NAME = AccentColor;
				CODE_SIGN_ENTITLEMENTS = Statistic/Statistic.entitlements;
				CODE_SIGN_STYLE = Automatic;
				COMBINE_HIDPI_IMAGES = YES;
				CURRENT_PROJECT_VERSION = 1;
				DEVELOPMENT_TEAM = 32XNCXFRAJ;
				ENABLE_HARDENED_RUNTIME = YES;
				ENABLE_PREVIEWS = YES;
				GENERATE_INFOPLIST_FILE = YES;
				INFOPLIST_FILE = Statistic/Info.plist;
				INFOPLIST_KEY_NSHumanReadableCopyright = "";
				LD_RUNPATH_SEARCH_PATHS = (
					"$(inherited)",
					"@executable_path/../Frameworks",
				);
				MARKETING_VERSION = 1.0;
				PRODUCT_BUNDLE_IDENTIFIER = com.mahasvan.Statistic;
				PRODUCT_NAME = "$(TARGET_NAME)";
				REGISTER_APP_GROUPS = YES;
				SWIFT_EMIT_LOC_STRINGS = YES;
				SWIFT_VERSION = 5.0;
			};
			name = Release;
		};
		319C2DA62E606D1900864DF2 /* Debug */ = {
			isa = XCBuildConfiguration;
			buildSettings = {
				BUNDLE_LOADER = "$(TEST_HOST)";
				CODE_SIGN_STYLE = Automatic;
				CURRENT_PROJECT_VERSION = 1;
				DEVELOPMENT_TEAM = 32XNCXFRAJ;
				GENERATE_INFOPLIST_FILE = YES;
				MACOSX_DEPLOYMENT_TARGET = 15.5;
				MARKETING_VERSION = 1.0;
				PRODUCT_BUNDLE_IDENTIFIER = com.mahasvan.StatisticTests;
				PRODUCT_NAME = "$(TARGET_NAME)";
				SWIFT_EMIT_LOC_STRINGS = NO;
				SWIFT_VERSION = 5.0;
				TEST_HOST = "$(BUILT_PRODUCTS_DIR)/Statistic.app/$(BUNDLE_EXECUTABLE_FOLDER_PATH)/Statistic";
			};
			name = Debug;
		};
		319C2DA72E606D1900864DF2 /* Release */ = {
			isa = XCBuildConfiguration;
			buildSettings = {
				BUNDLE_LOADER = "$(TEST_HOST)";
				CODE_SIGN_STYLE = Automatic;
				CURRENT_PROJECT_VERSION = 1;
				DEVELOPMENT_TEAM = 32XNCXFRAJ;
				GENERATE_INFOPLIST_FILE = YES;
				MACOSX_DEPLOYMENT_TARGET = 15.5;
				MARKETING_VERSION = 1.0;
				PRODUCT_BUNDLE_IDENTIFIER = com.mahasvan.StatisticTests;
				PRODUCT_NAME = "$(TARGET_NAME)";
				SWIFT_EMIT_LOC_STRINGS = NO;
				SWIFT_VERSION = 5.0;
				TEST_HOST = "$(BUILT_PRODUCTS_DIR)/Statistic.app/$(BUNDLE_EXECUTABLE_FOLDER_PATH)/Statistic";
			};
			name = Release;
		};
		319C2DA92E606D1900864DF2 /* Debug */ = {
			isa = XCBuildConfiguration;
			buildSettings = {
				CODE_SIGN_STYLE = Automatic;
				CURRENT_PROJECT_VERSION = 1;
				DEVELOPMENT_TEAM = 32XNCXFRAJ;
				GENERATE_INFOPLIST_FILE = YES;
				MARKETING_VERSION = 1.0;
				PRODUCT_BUNDLE_IDENTIFIER = com.mahasvan.StatisticUITests;
				PRODUCT_NAME = "$(TARGET_NAME)";
				SWIFT_EMIT_LOC_STRINGS = NO;
				SWIFT_VERSION = 5.0;
				TEST_TARGET_NAME = Statistic;
			};
			name = Debug;
		};
		319C2DAA2E606D1900864DF2 /* Release */ = {
			isa = XCBuildConfiguration;
			buildSettings = {
				CODE_SIGN_STYLE = Automatic;
				CURRENT_PROJECT_VERSION = 1;
				DEVELOPMENT_TEAM = 32XNCXFRAJ;
				GENERATE_INFOPLIST_FILE = YES;
				MARKETING_VERSION = 1.0;
				PRODUCT_BUNDLE_IDENTIFIER = com.mahasvan.StatisticUITests;
				PRODUCT_NAME = "$(TARGET_NAME)";
				SWIFT_EMIT_LOC_STRINGS = NO;
				SWIFT_VERSION = 5.0;
				TEST_TARGET_NAME = Statistic;
			};
			name = Release;
		};
/* End XCBuildConfiguration section */

/* Begin XCConfigurationList section */
		319C2D7B2E606D1800864DF2 /* Build configuration list for PBXProject "Statistic" */ = {
			isa = XCConfigurationList;
			buildConfigurations = (
				319C2DA02E606D1900864DF2 /* Debug */,
				319C2DA12E606D1900864DF2 /* Release */,
			);
			defaultConfigurationIsVisible = 0;
			defaultConfigurationName = Release;
		};
		319C2DA22E606D1900864DF2 /* Build configuration list for PBXNativeTarget "Statistic" */ = {
			isa = XCConfigurationList;
			buildConfigurations = (
				319C2DA32E606D1900864DF2 /* Debug */,
				319C2DA42E606D1900864DF2 /* Release */,
			);
			defaultConfigurationIsVisible = 0;
			defaultConfigurationName = Release;
		};
		319C2DA52E606D1900864DF2 /* Build configuration list for PBXNativeTarget "StatisticTests" */ = {
			isa = XCConfigurationList;
			buildConfigurations = (
				319C2DA62E606D1900864DF2 /* Debug */,
				319C2DA72E606D1900864DF2 /* Release */,
			);
			defaultConfigurationIsVisible = 0;
			defaultConfigurationName = Release;
		};
		319C2DA82E606D1900864DF2 /* Build configuration list for PBXNativeTarget "StatisticUITests" */ = {
			isa = XCConfigurationList;
			buildConfigurations = (
				319C2DA92E606D1900864DF2 /* Debug */,
				319C2DAA2E606D1900864DF2 /* Release */,
			);
			defaultConfigurationIsVisible = 0;
			defaultConfigurationName = Release;
		};
/* End XCConfigurationList section */
	};
	rootObject = 319C2D782E606D1800864DF2 /* Project object */;
}
